{
    "name": "hapi",
    "version": "13.4.1",
    "dependencies": {
        "accept": {
            "version": "2.1.1"
        },
        "ammo": {
            "version": "2.0.1"
        },
        "boom": {
            "version": "3.2.0"
        },
        "call": {
            "version": "3.0.1"
        },
        "catbox": {
            "version": "7.1.1"
        },
        "catbox-memory": {
            "version": "2.0.2"
        },
        "cryptiles": {
            "version": "3.0.1"
        },
        "heavy": {
            "version": "4.0.1"
        },
        "hoek": {
            "version": "4.0.0"
        },
        "iron": {
            "version": "4.0.1"
        },
        "items": {
            "version": "2.1.0"
        },
        "joi": {
            "version": "8.1.0",
            "dependencies": {
                "isemail": {
                    "version": "2.1.2"
                },
                "moment": {
                    "version": "2.13.0"
                }
            }
        },
        "kilt": {
            "version": "2.0.1"
        },
        "mimos": {
            "version": "3.0.1",
            "dependencies": {
                "mime-db": {
                    "version": "1.23.0"
                }
            }
        },
        "peekaboo": {
            "version": "2.0.1"
        },
        "shot": {
            "version": "3.0.1"
        },
        "statehood": {
            "version": "4.0.1"
        },
        "subtext": {
            "version": "4.0.3",
            "dependencies": {
                "content": {
                    "version": "3.0.1"
                },
                "pez": {
                    "version": "2.1.1",
                    "dependencies": {
                        "b64": {
                            "version": "3.0.1"
                        },
                        "nigel": {
                            "version": "2.0.1",
                            "dependencies": {
                                "vise": {
                                    "version": "2.0.1"
                                }
                            }
                        }
                    }
                },
                "wreck": {
                    "version": "7.2.1"
                }
            }
        },
        "topo": {
            "version": "2.0.1"
        }
    }
}
